Microsoft Visual Studio Solution File, Format Version 11.00
# Visual Studio 2008

Project("{470A3EB6-49C3-C045-5E85-C6FA8C3FD5D7}") = "GameMech Final", "Assembly-CSharp-firstpass-vs.csproj", "{3D96F331-1C59-988F-9498-FFB242304343}"
EndProject
Project("{470A3EB6-49C3-C045-5E85-C6FA8C3FD5D7}") = "GameMech Final", "Assembly-CSharp-vs.csproj", "{7FA9B45D-1444-A9D3-CA2F-A9DB9033B364}"
EndProject
Global
	GlobalSection(SolutionConfigurationPlatforms) = preSolution
		Debug|Any CPU = Debug|Any CPU
		Release|Any CPU = Release|Any CPU
	EndGlobalSection
	GlobalSection(ProjectConfigurationPlatforms) = postSolution
		{3D96F331-1C59-988F-9498-FFB242304343}.Debug|Any CPU.ActiveCfg = Debug|Any CPU
		{3D96F331-1C59-988F-9498-FFB242304343}.Debug|Any CPU.Build.0 = Debug|Any CPU
		{3D96F331-1C59-988F-9498-FFB242304343}.Release|Any CPU.ActiveCfg = Release|Any CPU
		{3D96F331-1C59-988F-9498-FFB242304343}.Release|Any CPU.Build.0 = Release|Any CPU
		{7FA9B45D-1444-A9D3-CA2F-A9DB9033B364}.Debug|Any CPU.ActiveCfg = Debug|Any CPU
		{7FA9B45D-1444-A9D3-CA2F-A9DB9033B364}.Debug|Any CPU.Build.0 = Debug|Any CPU
		{7FA9B45D-1444-A9D3-CA2F-A9DB9033B364}.Release|Any CPU.ActiveCfg = Release|Any CPU
		{7FA9B45D-1444-A9D3-CA2F-A9DB9033B364}.Release|Any CPU.Build.0 = Release|Any CPU
	EndGlobalSection
	GlobalSection(SolutionProperties) = preSolution
		HideSolutionNode = FALSE
	EndGlobalSection
																															GlobalSection(MonoDevelopProperties) = preSolution
		StartupItem = Assembly-CSharp.csproj
		Policies = $0
		$0.TextStylePolicy = $1
		$1.inheritsSet = null
		$1.scope = text/x-csharp
		$0.CSharpFormattingPolicy = $2
		$2.inheritsSet = Mono
		$2.inheritsScope = text/x-csharp
		$2.scope = text/x-csharp
		$0.TextStylePolicy = $3
		$3.FileWidth = 120
		$3.TabWidth = 4
		$3.EolMarker = Unix
		$3.inheritsSet = Mono
		$3.inheritsScope = text/plain
		$3.scope = text/plain
	EndGlobalSection

EndGlobal
